
Microsoft Visual Studio Solution File, Format Version 12.00
# Visual Studio Version 16
VisualStudioVersion = 16.0.31025.194
MinimumVisualStudioVersion = 10.0.40219.1
Project("{FAE04EC0-301F-11D3-BF4B-00C04F79EFBC}") = "Generic_Problem", "Generic_Problem\Generic_Problem.csproj", "{39BE6534-5888-434F-A3E8-8FB18A3A0129}"
EndProject
Global
	GlobalSection(SolutionConfigurationPlatforms) = preSolution
		Debug|Any CPU = Debug|Any CPU
		Release|Any CPU = Release|Any CPU
	EndGlobalSection
	GlobalSection(ProjectConfigurationPlatforms) = postSolution
		{39BE6534-5888-434F-A3E8-8FB18A3A0129}.Debug|Any CPU.ActiveCfg = Debug|Any CPU
		{39BE6534-5888-434F-A3E8-8FB18A3A0129}.Debug|Any CPU.Build.0 = Debug|Any CPU
		{39BE6534-5888-434F-A3E8-8FB18A3A0129}.Release|Any CPU.ActiveCfg = Release|Any CPU
		{39BE6534-5888-434F-A3E8-8FB18A3A0129}.Release|Any CPU.Build.0 = Release|Any CPU
	EndGlobalSection
	GlobalSection(SolutionProperties) = preSolution
		HideSolutionNode = FALSE
	EndGlobalSection
	GlobalSection(ExtensibilityGlobals) = postSolution
		SolutionGuid = {AC34C3C2-A38B-44AA-9974-B49B9A63D184}
	EndGlobalSection
EndGlobal
